
Microsoft Visual Studio Solution File, Format Version 12.00
# Visual Studio 14
VisualStudioVersion = 14.0.24720.0
MinimumVisualStudioVersion = 10.0.40219.1
Project("{FAE04EC0-301F-11D3-BF4B-00C04F79EFBC}") = "ObjectParserConsole", "ObjectParserConsole\ObjectParserConsole.csproj", "{ADB457A6-AE99-4468-8432-1EC0FE298485}"
EndProject
Project("{FAE04EC0-301F-11D3-BF4B-00C04F79EFBC}") = "ObjectParserLib", "ObjectParserLib\ObjectParserLib.csproj", "{70D37ABD-21C1-4AD9-BA63-CC76F255300B}"
EndProject
Project("{FAE04EC0-301F-11D3-BF4B-00C04F79EFBC}") = "ObjectParserTests", "ObjectParserTests\ObjectParserTests.csproj", "{AE4ECEAB-74FD-429F-A714-EF1F73E214EF}"
EndProject
Global
	GlobalSection(SolutionConfigurationPlatforms) = preSolution
		Debug|Any CPU = Debug|Any CPU
		Release|Any CPU = Release|Any CPU
	EndGlobalSection
	GlobalSection(ProjectConfigurationPlatforms) = postSolution
		{ADB457A6-AE99-4468-8432-1EC0FE298485}.Debug|Any CPU.ActiveCfg = Debug|Any CPU
		{ADB457A6-AE99-4468-8432-1EC0FE298485}.Debug|Any CPU.Build.0 = Debug|Any CPU
		{ADB457A6-AE99-4468-8432-1EC0FE298485}.Release|Any CPU.ActiveCfg = Release|Any CPU
		{ADB457A6-AE99-4468-8432-1EC0FE298485}.Release|Any CPU.Build.0 = Release|Any CPU
		{70D37ABD-21C1-4AD9-BA63-CC76F255300B}.Debug|Any CPU.ActiveCfg = Debug|Any CPU
		{70D37ABD-21C1-4AD9-BA63-CC76F255300B}.Debug|Any CPU.Build.0 = Debug|Any CPU
		{70D37ABD-21C1-4AD9-BA63-CC76F255300B}.Release|Any CPU.ActiveCfg = Release|Any CPU
		{70D37ABD-21C1-4AD9-BA63-CC76F255300B}.Release|Any CPU.Build.0 = Release|Any CPU
		{AE4ECEAB-74FD-429F-A714-EF1F73E214EF}.Debug|Any CPU.ActiveCfg = Debug|Any CPU
		{AE4ECEAB-74FD-429F-A714-EF1F73E214EF}.Debug|Any CPU.Build.0 = Debug|Any CPU
		{AE4ECEAB-74FD-429F-A714-EF1F73E214EF}.Release|Any CPU.ActiveCfg = Release|Any CPU
		{AE4ECEAB-74FD-429F-A714-EF1F73E214EF}.Release|Any CPU.Build.0 = Release|Any CPU
	EndGlobalSection
	GlobalSection(SolutionProperties) = preSolution
		HideSolutionNode = FALSE
	EndGlobalSection
EndGlobal
